
Microsoft Visual Studio Solution File, Format Version 12.00
# Visual Studio Version 17
VisualStudioVersion = 17.3.32825.248
MinimumVisualStudioVersion = 10.0.40219.1
Project("{FAE04EC0-301F-11D3-BF4B-00C04F79EFBC}") = "Util.Modal.WebApplication2", "Util.Modal.WebApplication2\Util.Modal.WebApplication2.csproj", "{63C7BC95-C203-4000-9652-3A1EAD28DBF7}"
EndProject
Global
	GlobalSection(SolutionConfigurationPlatforms) = preSolution
		Debug|Any CPU = Debug|Any CPU
		Release|Any CPU = Release|Any CPU
	EndGlobalSection
	GlobalSection(ProjectConfigurationPlatforms) = postSolution
		{63C7BC95-C203-4000-9652-3A1EAD28DBF7}.Debug|Any CPU.ActiveCfg = Debug|Any CPU
		{63C7BC95-C203-4000-9652-3A1EAD28DBF7}.Debug|Any CPU.Build.0 = Debug|Any CPU
		{63C7BC95-C203-4000-9652-3A1EAD28DBF7}.Release|Any CPU.ActiveCfg = Release|Any CPU
		{63C7BC95-C203-4000-9652-3A1EAD28DBF7}.Release|Any CPU.Build.0 = Release|Any CPU
	EndGlobalSection
	GlobalSection(SolutionProperties) = preSolution
		HideSolutionNode = FALSE
	EndGlobalSection
	GlobalSection(ExtensibilityGlobals) = postSolution
		SolutionGuid = {633C7277-43E8-4111-B896-11F55AF4F575}
	EndGlobalSection
EndGlobal
